
Microsoft Visual Studio Solution File, Format Version 12.00
# Visual Studio 15
Project("{FAE04EC0-301F-11D3-BF4B-00C04F79EFBC}") = "DeezerSync", "DeezerSync\DeezerSync.csproj", "{B6052AF0-EC5B-48B5-8B03-0B561102B186}"
EndProject
Global
	GlobalSection(SolutionConfigurationPlatforms) = preSolution
		Debug|Any CPU = Debug|Any CPU
		Release|Any CPU = Release|Any CPU
	EndGlobalSection
	GlobalSection(ProjectConfigurationPlatforms) = postSolution
		{B6052AF0-EC5B-48B5-8B03-0B561102B186}.Debug|Any CPU.ActiveCfg = Debug|Any CPU
		{B6052AF0-EC5B-48B5-8B03-0B561102B186}.Debug|Any CPU.Build.0 = Debug|Any CPU
		{B6052AF0-EC5B-48B5-8B03-0B561102B186}.Release|Any CPU.ActiveCfg = Release|Any CPU
		{B6052AF0-EC5B-48B5-8B03-0B561102B186}.Release|Any CPU.Build.0 = Release|Any CPU
	EndGlobalSection
EndGlobal
